
Microsoft Visual Studio Solution File, Format Version 12.00
# Visual Studio Version 18
VisualStudioVersion = 18.0.11222.15 d18.0
MinimumVisualStudioVersion = 10.0.40219.1
Project("{2150E333-8FDC-42A3-9474-1A3956D46DE8}") = "api", "api", "{59FE7EEA-03FC-4FDD-8A23-8E2FE7A44FA2}"
EndProject
Project("{2150E333-8FDC-42A3-9474-1A3956D46DE8}") = "gateway", "gateway", "{1125C45D-C5B4-4AA0-B396-7EDC3AAB7EF3}"
EndProject
Project("{2150E333-8FDC-42A3-9474-1A3956D46DE8}") = "core", "core", "{7A2587AC-0709-4462-812D-3871A59343C1}"
EndProject
Project("{2150E333-8FDC-42A3-9474-1A3956D46DE8}") = "data", "data", "{7FA87D7C-7DE0-40EE-A3FE-370E5D71A8D5}"
EndProject
Project("{2150E333-8FDC-42A3-9474-1A3956D46DE8}") = "webapi", "webapi", "{5210502A-9137-4355-9481-276E42F1085A}"
EndProject
Project("{2150E333-8FDC-42A3-9474-1A3956D46DE8}") = "test", "test", "{9E80F1BA-9614-485C-9CE6-445D629F3B27}"
EndProject
Project("{2150E333-8FDC-42A3-9474-1A3956D46DE8}") = "domain", "domain", "{273B717C-5A26-4372-83DB-34BF7602A294}"
EndProject
Project("{2150E333-8FDC-42A3-9474-1A3956D46DE8}") = "communication", "communication", "{9D981BAD-98CA-46A4-B305-8FCAD5E236AA}"
EndProject
Project("{2150E333-8FDC-42A3-9474-1A3956D46DE8}") = "apps", "apps", "{82D828E7-07D0-47E8-AD7B-52065043F5C0}"
EndProject
Project("{9A19103F-16F7-4668-BE54-9A1E7A4F7556}") = "Devkit.Gateway", "apps\core\api\gateway\Devkit.Gateway\Devkit.Gateway.csproj", "{DB35959D-2EB7-441B-9A00-B04AF2488CED}"
EndProject
Project("{9A19103F-16F7-4668-BE54-9A1E7A4F7556}") = "Devkit.Data", "apps\core\sdk\data\Devkit.Data\Devkit.Data.csproj", "{43A7C2DE-6358-4C43-94A6-82C2E1AF112D}"
EndProject
Project("{9A19103F-16F7-4668-BE54-9A1E7A4F7556}") = "Devkit.Patterns", "apps\core\sdk\patterns\Devkit.Patterns\Devkit.Patterns.csproj", "{9C4C8F6A-4226-470C-8FFA-98932C527924}"
EndProject
Project("{9A19103F-16F7-4668-BE54-9A1E7A4F7556}") = "Devkit.ServiceBus", "apps\core\sdk\communication\Devkit.ServiceBus\Devkit.ServiceBus.csproj", "{C7E6163C-3A1E-46DC-B2C9-2471FF33789A}"
EndProject
Project("{9A19103F-16F7-4668-BE54-9A1E7A4F7556}") = "Devkit.Test", "apps\core\sdk\test\Devkit.Test\Devkit.Test.csproj", "{51F44ADA-782E-4AD0-ABE9-6220189DE8D3}"
EndProject
Project("{9A19103F-16F7-4668-BE54-9A1E7A4F7556}") = "Devkit.WebAPI", "apps\core\sdk\webapi\Devkit.WebAPI\Devkit.WebAPI.csproj", "{740BCB64-D1C7-4FC1-9913-216CB65DEC91}"
EndProject
Project("{2150E333-8FDC-42A3-9474-1A3956D46DE8}") = "sdk", "sdk", "{2BED9D70-56BD-4993-8169-4A493592C998}"
EndProject
Project("{2150E333-8FDC-42A3-9474-1A3956D46DE8}") = "Solution Items", "Solution Items", "{6BA7463F-2470-4F5F-9F78-9E6BC5858419}"
	ProjectSection(SolutionItems) = preProject
		.editorconfig = .editorconfig
	EndProjectSection
EndProject
Project("{9A19103F-16F7-4668-BE54-9A1E7A4F7556}") = "Devkit.Http", "apps\core\sdk\communication\Devkit.Http\Devkit.Http.csproj", "{1BC4B329-CF89-43D3-A914-03262D916D35}"
EndProject
Project("{E53339B2-1760-4266-BCC7-CA923CBCF16C}") = "docker-compose", "docker-compose.dcproj", "{D8574DB9-4FB6-44DB-8DC8-5F56571BA8C0}"
EndProject
Project("{2150E333-8FDC-42A3-9474-1A3956D46DE8}") = "metrics", "metrics", "{D651CA2F-A708-4FF6-A2B4-E584BD9B940C}"
EndProject
Project("{9A19103F-16F7-4668-BE54-9A1E7A4F7556}") = "Devkit.Metrics", "apps\core\sdk\metrics\Devkit.Metrics\Devkit.Metrics.csproj", "{02554CF9-56FD-49D2-B3AD-FA9BBA3AD15A}"
EndProject
Project("{9A19103F-16F7-4668-BE54-9A1E7A4F7556}") = "Devkit.ServiceBus.Test", "tests\Devkit.ServiceBus.Test\Devkit.ServiceBus.Test.csproj", "{9E5E47B4-982D-4073-80F2-95EF7418444D}"
EndProject
Project("{2150E333-8FDC-42A3-9474-1A3956D46DE8}") = "file-store", "file-store", "{0C91D997-F67D-4B14-9761-6D621C7EF1AB}"
EndProject
Project("{9A19103F-16F7-4668-BE54-9A1E7A4F7556}") = "Devkit.FileStore", "apps\core\api\file-store\Devkit.FileStore\Devkit.FileStore.csproj", "{4213A31A-4CBA-4A7D-880C-4F1CAC16AFE4}"
EndProject
Project("{9A19103F-16F7-4668-BE54-9A1E7A4F7556}") = "Devkit.Communication.FileStore", "apps\core\api\communication\Devkit.Communication.FileStore\Devkit.Communication.FileStore.csproj", "{E0375312-2F5D-43F7-9110-BA15BED63E64}"
EndProject
Project("{2150E333-8FDC-42A3-9474-1A3956D46DE8}") = "messaging", "messaging", "{0493FD87-ABD9-447D-A0C7-9E5E28E8FA9A}"
EndProject
Project("{9A19103F-16F7-4668-BE54-9A1E7A4F7556}") = "Devkit.Communication.Security", "apps\core\api\communication\Devkit.Communication.Security\Devkit.Communication.Security.csproj", "{98CD720C-D5C3-4113-A6F0-3A0F9D5CA3C1}"
EndProject
Project("{9A19103F-16F7-4668-BE54-9A1E7A4F7556}") = "Devkit.Communication.Security.Fakes", "apps\core\api\communication\Devkit.Communication.Security.Fakes\Devkit.Communication.Security.Fakes.csproj", "{AA1952BA-41E9-45E7-9588-320DCCD4F895}"
EndProject
Project("{9A19103F-16F7-4668-BE54-9A1E7A4F7556}") = "Devkit.Communication.FileStore.Fakes", "apps\core\api\communication\Devkit.Communication.FileStore.Fakes\Devkit.Communication.FileStore.Fakes.csproj", "{D14E79A3-78AC-4274-B848-1B65AF445174}"
EndProject
Project("{9A19103F-16F7-4668-BE54-9A1E7A4F7556}") = "Devkit.FileStore.Test", "tests\Devkit.FileStore.Test\Devkit.FileStore.Test.csproj", "{8D8AFCFB-BEFB-4D6A-B396-DA4F342CA311}"
EndProject
Project("{2150E333-8FDC-42A3-9474-1A3956D46DE8}") = "payment", "payment", "{128EA177-4E60-4F9F-A7D5-5DACD8CDA037}"
EndProject
Project("{2150E333-8FDC-42A3-9474-1A3956D46DE8}") = "coins.ph", "coins.ph", "{3191A254-4FEF-45F8-939B-FDF50CF3E75E}"
EndProject
Project("{2150E333-8FDC-42A3-9474-1A3956D46DE8}") = "paymaya", "paymaya", "{D7D5DB70-CDCC-476F-B3E9-78BBB8A54F1A}"
EndProject
Project("{9A19103F-16F7-4668-BE54-9A1E7A4F7556}") = "Devkit.Payment", "apps\core\api\payment\Devkit.Payment\Devkit.Payment.csproj", "{6ACA39B3-6ABD-448F-A145-E7C03181B32A}"
EndProject
Project("{9A19103F-16F7-4668-BE54-9A1E7A4F7556}") = "Devkit.Payment.CoinsPH", "apps\core\api\payment\coins.ph\Devkit.Payment.CoinsPH\Devkit.Payment.CoinsPH.csproj", "{3DB6924B-E10C-4EF2-9351-867B54518E1E}"
EndProject
Project("{9A19103F-16F7-4668-BE54-9A1E7A4F7556}") = "Devkit.Payment.CoinsPH.Test", "tests\Devkit.Payment.CoinsPH.Test\Devkit.Payment.CoinsPH.Test.csproj", "{E5CC07BF-1D0A-44B7-ADC5-884C0558F83E}"
EndProject
Project("{9A19103F-16F7-4668-BE54-9A1E7A4F7556}") = "Devkit.Communication.Payment", "apps\core\api\communication\Devkit.Communication.Payment\Devkit.Communication.Payment.csproj", "{B11A188A-2FF5-43D2-A7E5-78C6A6196DD0}"
EndProject
Project("{9A19103F-16F7-4668-BE54-9A1E7A4F7556}") = "Devkit.Payment.PayMaya", "apps\core\api\payment\paymaya\Devkit.Payment.PayMaya\Devkit.Payment.PayMaya.csproj", "{33A233BB-7427-49F1-95C5-974D93FF1002}"
EndProject
Project("{9A19103F-16F7-4668-BE54-9A1E7A4F7556}") = "Devkit.Communication.Payment.Fakes", "apps\core\api\communication\Devkit.Communication.Payment.Fakes\Devkit.Communication.Payment.Fakes.csproj", "{F01E2F92-C9D0-4FCD-99AF-E86FCAC23445}"
EndProject
Project("{2150E333-8FDC-42A3-9474-1A3956D46DE8}") = "file-store", "file-store", "{A2F19D96-4595-46CE-A88E-4E0A784CED1C}"
EndProject
Project("{2150E333-8FDC-42A3-9474-1A3956D46DE8}") = "payment", "payment", "{DC77F5CE-8815-4822-9D68-C957A66BE456}"
EndProject
Project("{2150E333-8FDC-42A3-9474-1A3956D46DE8}") = "security", "security", "{C6292929-6BDB-45E7-92A3-A5AD317D5F65}"
EndProject
Project("{2150E333-8FDC-42A3-9474-1A3956D46DE8}") = "chatr", "chatr", "{2E1ACEB8-A09D-4EC7-9ABF-47A239C772F8}"
EndProject
Project("{9A19103F-16F7-4668-BE54-9A1E7A4F7556}") = "Devkit.ChatR", "apps\core\api\chatr\Devkit.ChatR\Devkit.ChatR.csproj", "{00B96E23-0992-415A-831B-A977E709FF7C}"
EndProject
Project("{2150E333-8FDC-42A3-9474-1A3956D46DE8}") = "chatr", "chatr", "{1F0EFD29-FDF2-4459-A136-78C4E0AB6CA2}"
EndProject
Project("{9A19103F-16F7-4668-BE54-9A1E7A4F7556}") = "Devkit.Communication.ChatR", "apps\core\api\communication\Devkit.Communication.ChatR\Devkit.Communication.ChatR.csproj", "{682DD891-AF9C-4BC0-B505-E040C6E92D59}"
EndProject
Project("{9A19103F-16F7-4668-BE54-9A1E7A4F7556}") = "Devkit.ChatR.Test", "tests\Devkit.ChatR.Test\Devkit.ChatR.Test.csproj", "{CB6BFECB-B97D-4ED0-A929-B3F23BFAE7F9}"
EndProject
Project("{9A19103F-16F7-4668-BE54-9A1E7A4F7556}") = "Devkit.Communication.ChatR.Fakes", "apps\core\api\communication\Devkit.Communication.ChatR.Fakes\Devkit.Communication.ChatR.Fakes.csproj", "{5A11C211-C5A5-4EE4-8197-8CB1FD86DA1C}"
EndProject
Project("{9A19103F-16F7-4668-BE54-9A1E7A4F7556}") = "Devkit.Ratings", "apps\core\api\rating\Devkit.Ratings\Devkit.Ratings.csproj", "{7555F619-1352-435D-A669-ABE97FEF8FB5}"
EndProject
Project("{2150E333-8FDC-42A3-9474-1A3956D46DE8}") = "rating", "rating", "{6A883DC1-32A1-4822-B3E9-A3B2A49935A4}"
EndProject
Project("{9A19103F-16F7-4668-BE54-9A1E7A4F7556}") = "Devkit.Ratings.Test", "tests\Devkit.Ratings.Test\Devkit.Ratings.Test.csproj", "{39C57DD5-8C29-409B-B9CB-D1D042A7B109}"
EndProject
Project("{2150E333-8FDC-42A3-9474-1A3956D46DE8}") = "auth", "auth", "{D8822764-3F11-4CAD-BB84-E532502C8018}"
EndProject
Project("{FAE04EC0-301F-11D3-BF4B-00C04F79EFBC}") = "Devkit.Auth", "apps\core\api\auth\Devkit.Auth\Devkit.Auth.csproj", "{01BAFC24-11F3-460C-8BDF-AAC22E7CB1B4}"
EndProject
Project("{2150E333-8FDC-42A3-9474-1A3956D46DE8}") = "logistics", "logistics", "{624E93CA-AD41-431E-9026-7796EF5A3C82}"
EndProject
Project("{FAE04EC0-301F-11D3-BF4B-00C04F79EFBC}") = "Logistics.Communication.Orders", "apps\logistics-app\communication\Logistics.Communication.Orders\Logistics.Communication.Orders.csproj", "{EFF794CE-799E-41F0-07A8-7BC186CBC02E}"
EndProject
Project("{2150E333-8FDC-42A3-9474-1A3956D46DE8}") = "communication", "communication", "{3C6F9264-53F9-4FB8-8097-A66FE0026BA2}"
EndProject
Project("{2150E333-8FDC-42A3-9474-1A3956D46DE8}") = "domain", "domain", "{8FA9FB53-49D5-4B8D-8522-0DD71EB3DB0D}"
EndProject
Project("{FAE04EC0-301F-11D3-BF4B-00C04F79EFBC}") = "Logistics.Communication.Orders.Fakes", "apps\logistics-app\communication\Logistics.Communication.Orders.Fakes\Logistics.Communication.Orders.Fakes.csproj", "{51D23788-0EB4-A4DC-3571-EC09A16763A8}"
EndProject
Project("{FAE04EC0-301F-11D3-BF4B-00C04F79EFBC}") = "Logistics.Communication.Store", "apps\logistics-app\communication\Logistics.Communication.Store\Logistics.Communication.Store.csproj", "{38B0AFA1-A4EF-7D9C-6548-4DA5850CA079}"
EndProject
Project("{FAE04EC0-301F-11D3-BF4B-00C04F79EFBC}") = "Logistics.Communication.Store.Fakes", "apps\logistics-app\communication\Logistics.Communication.Store.Fakes\Logistics.Communication.Store.Fakes.csproj", "{244A2A1C-183D-1E62-8458-6D9961B1BCD2}"
EndProject
Project("{FAE04EC0-301F-11D3-BF4B-00C04F79EFBC}") = "Logistics.Orders.API", "apps\logistics-app\domain\order\Logistics.Orders.API\Logistics.Orders.API.csproj", "{BCB052F6-E661-7120-409C-5ADE199D0F97}"
EndProject
Project("{FAE04EC0-301F-11D3-BF4B-00C04F79EFBC}") = "Logistics.Store.API", "apps\logistics-app\domain\store\Logistics.Store.API\Logistics.Store.API.csproj", "{2561B63C-B14F-41B7-35A7-76BEE1B930D8}"
EndProject
Project("{FAE04EC0-301F-11D3-BF4B-00C04F79EFBC}") = "Logistics.Vehicles.API", "apps\logistics-app\domain\vehicle\Logistics.Vehicles.API\Logistics.Vehicles.API.csproj", "{9B74AC72-FC2D-2AD7-41E9-37E8C81C33FA}"
EndProject
Global
	GlobalSection(SolutionConfigurationPlatforms) = preSolution
		Debug|Any CPU = Debug|Any CPU
		Release|Any CPU = Release|Any CPU
		Test|Any CPU = Test|Any CPU
	EndGlobalSection
	GlobalSection(ProjectConfigurationPlatforms) = postSolution
		{DB35959D-2EB7-441B-9A00-B04AF2488CED}.Debug|Any CPU.ActiveCfg = Debug|Any CPU
		{DB35959D-2EB7-441B-9A00-B04AF2488CED}.Debug|Any CPU.Build.0 = Debug|Any CPU
		{DB35959D-2EB7-441B-9A00-B04AF2488CED}.Release|Any CPU.ActiveCfg = Release|Any CPU
		{DB35959D-2EB7-441B-9A00-B04AF2488CED}.Release|Any CPU.Build.0 = Release|Any CPU
		{DB35959D-2EB7-441B-9A00-B04AF2488CED}.Test|Any CPU.ActiveCfg = Test|Any CPU
		{DB35959D-2EB7-441B-9A00-B04AF2488CED}.Test|Any CPU.Build.0 = Test|Any CPU
		{43A7C2DE-6358-4C43-94A6-82C2E1AF112D}.Debug|Any CPU.ActiveCfg = Debug|Any CPU
		{43A7C2DE-6358-4C43-94A6-82C2E1AF112D}.Debug|Any CPU.Build.0 = Debug|Any CPU
		{43A7C2DE-6358-4C43-94A6-82C2E1AF112D}.Release|Any CPU.ActiveCfg = Release|Any CPU
		{43A7C2DE-6358-4C43-94A6-82C2E1AF112D}.Release|Any CPU.Build.0 = Release|Any CPU
		{43A7C2DE-6358-4C43-94A6-82C2E1AF112D}.Test|Any CPU.ActiveCfg = Test|Any CPU
		{43A7C2DE-6358-4C43-94A6-82C2E1AF112D}.Test|Any CPU.Build.0 = Test|Any CPU
		{9C4C8F6A-4226-470C-8FFA-98932C527924}.Debug|Any CPU.ActiveCfg = Debug|Any CPU
		{9C4C8F6A-4226-470C-8FFA-98932C527924}.Debug|Any CPU.Build.0 = Debug|Any CPU
		{9C4C8F6A-4226-470C-8FFA-98932C527924}.Release|Any CPU.ActiveCfg = Release|Any CPU
		{9C4C8F6A-4226-470C-8FFA-98932C527924}.Release|Any CPU.Build.0 = Release|Any CPU
		{9C4C8F6A-4226-470C-8FFA-98932C527924}.Test|Any CPU.ActiveCfg = Test|Any CPU
		{9C4C8F6A-4226-470C-8FFA-98932C527924}.Test|Any CPU.Build.0 = Test|Any CPU
		{C7E6163C-3A1E-46DC-B2C9-2471FF33789A}.Debug|Any CPU.ActiveCfg = Debug|Any CPU
		{C7E6163C-3A1E-46DC-B2C9-2471FF33789A}.Debug|Any CPU.Build.0 = Debug|Any CPU
		{C7E6163C-3A1E-46DC-B2C9-2471FF33789A}.Release|Any CPU.ActiveCfg = Release|Any CPU
		{C7E6163C-3A1E-46DC-B2C9-2471FF33789A}.Release|Any CPU.Build.0 = Release|Any CPU
		{C7E6163C-3A1E-46DC-B2C9-2471FF33789A}.Test|Any CPU.ActiveCfg = Test|Any CPU
		{C7E6163C-3A1E-46DC-B2C9-2471FF33789A}.Test|Any CPU.Build.0 = Test|Any CPU
		{51F44ADA-782E-4AD0-ABE9-6220189DE8D3}.Debug|Any CPU.ActiveCfg = Debug|Any CPU
		{51F44ADA-782E-4AD0-ABE9-6220189DE8D3}.Debug|Any CPU.Build.0 = Debug|Any CPU
		{51F44ADA-782E-4AD0-ABE9-6220189DE8D3}.Release|Any CPU.ActiveCfg = Release|Any CPU
		{51F44ADA-782E-4AD0-ABE9-6220189DE8D3}.Release|Any CPU.Build.0 = Release|Any CPU
		{51F44ADA-782E-4AD0-ABE9-6220189DE8D3}.Test|Any CPU.ActiveCfg = Test|Any CPU
		{51F44ADA-782E-4AD0-ABE9-6220189DE8D3}.Test|Any CPU.Build.0 = Test|Any CPU
		{740BCB64-D1C7-4FC1-9913-216CB65DEC91}.Debug|Any CPU.ActiveCfg = Debug|Any CPU
		{740BCB64-D1C7-4FC1-9913-216CB65DEC91}.Debug|Any CPU.Build.0 = Debug|Any CPU
		{740BCB64-D1C7-4FC1-9913-216CB65DEC91}.Release|Any CPU.ActiveCfg = Release|Any CPU
		{740BCB64-D1C7-4FC1-9913-216CB65DEC91}.Release|Any CPU.Build.0 = Release|Any CPU
		{740BCB64-D1C7-4FC1-9913-216CB65DEC91}.Test|Any CPU.ActiveCfg = Test|Any CPU
		{740BCB64-D1C7-4FC1-9913-216CB65DEC91}.Test|Any CPU.Build.0 = Test|Any CPU
		{1BC4B329-CF89-43D3-A914-03262D916D35}.Debug|Any CPU.ActiveCfg = Debug|Any CPU
		{1BC4B329-CF89-43D3-A914-03262D916D35}.Debug|Any CPU.Build.0 = Debug|Any CPU
		{1BC4B329-CF89-43D3-A914-03262D916D35}.Release|Any CPU.ActiveCfg = Release|Any CPU
		{1BC4B329-CF89-43D3-A914-03262D916D35}.Release|Any CPU.Build.0 = Release|Any CPU
		{1BC4B329-CF89-43D3-A914-03262D916D35}.Test|Any CPU.ActiveCfg = Test|Any CPU
		{1BC4B329-CF89-43D3-A914-03262D916D35}.Test|Any CPU.Build.0 = Test|Any CPU
		{D8574DB9-4FB6-44DB-8DC8-5F56571BA8C0}.Debug|Any CPU.ActiveCfg = Debug|Any CPU
		{D8574DB9-4FB6-44DB-8DC8-5F56571BA8C0}.Debug|Any CPU.Build.0 = Debug|Any CPU
		{D8574DB9-4FB6-44DB-8DC8-5F56571BA8C0}.Release|Any CPU.ActiveCfg = Release|Any CPU
		{D8574DB9-4FB6-44DB-8DC8-5F56571BA8C0}.Release|Any CPU.Build.0 = Release|Any CPU
		{D8574DB9-4FB6-44DB-8DC8-5F56571BA8C0}.Test|Any CPU.ActiveCfg = Test|Any CPU
		{02554CF9-56FD-49D2-B3AD-FA9BBA3AD15A}.Debug|Any CPU.ActiveCfg = Debug|Any CPU
		{02554CF9-56FD-49D2-B3AD-FA9BBA3AD15A}.Debug|Any CPU.Build.0 = Debug|Any CPU
		{02554CF9-56FD-49D2-B3AD-FA9BBA3AD15A}.Release|Any CPU.ActiveCfg = Release|Any CPU
		{02554CF9-56FD-49D2-B3AD-FA9BBA3AD15A}.Release|Any CPU.Build.0 = Release|Any CPU
		{02554CF9-56FD-49D2-B3AD-FA9BBA3AD15A}.Test|Any CPU.ActiveCfg = Test|Any CPU
		{02554CF9-56FD-49D2-B3AD-FA9BBA3AD15A}.Test|Any CPU.Build.0 = Test|Any CPU
		{9E5E47B4-982D-4073-80F2-95EF7418444D}.Debug|Any CPU.ActiveCfg = Debug|Any CPU
		{9E5E47B4-982D-4073-80F2-95EF7418444D}.Debug|Any CPU.Build.0 = Debug|Any CPU
		{9E5E47B4-982D-4073-80F2-95EF7418444D}.Release|Any CPU.ActiveCfg = Release|Any CPU
		{9E5E47B4-982D-4073-80F2-95EF7418444D}.Release|Any CPU.Build.0 = Release|Any CPU
		{9E5E47B4-982D-4073-80F2-95EF7418444D}.Test|Any CPU.ActiveCfg = Test|Any CPU
		{9E5E47B4-982D-4073-80F2-95EF7418444D}.Test|Any CPU.Build.0 = Test|Any CPU
		{4213A31A-4CBA-4A7D-880C-4F1CAC16AFE4}.Debug|Any CPU.ActiveCfg = Debug|Any CPU
		{4213A31A-4CBA-4A7D-880C-4F1CAC16AFE4}.Debug|Any CPU.Build.0 = Debug|Any CPU
		{4213A31A-4CBA-4A7D-880C-4F1CAC16AFE4}.Release|Any CPU.ActiveCfg = Release|Any CPU
		{4213A31A-4CBA-4A7D-880C-4F1CAC16AFE4}.Release|Any CPU.Build.0 = Release|Any CPU
		{4213A31A-4CBA-4A7D-880C-4F1CAC16AFE4}.Test|Any CPU.ActiveCfg = Test|Any CPU
		{4213A31A-4CBA-4A7D-880C-4F1CAC16AFE4}.Test|Any CPU.Build.0 = Test|Any CPU
		{E0375312-2F5D-43F7-9110-BA15BED63E64}.Debug|Any CPU.ActiveCfg = Debug|Any CPU
		{E0375312-2F5D-43F7-9110-BA15BED63E64}.Debug|Any CPU.Build.0 = Debug|Any CPU
		{E0375312-2F5D-43F7-9110-BA15BED63E64}.Release|Any CPU.ActiveCfg = Release|Any CPU
		{E0375312-2F5D-43F7-9110-BA15BED63E64}.Release|Any CPU.Build.0 = Release|Any CPU
		{E0375312-2F5D-43F7-9110-BA15BED63E64}.Test|Any CPU.ActiveCfg = Test|Any CPU
		{E0375312-2F5D-43F7-9110-BA15BED63E64}.Test|Any CPU.Build.0 = Test|Any CPU
		{98CD720C-D5C3-4113-A6F0-3A0F9D5CA3C1}.Debug|Any CPU.ActiveCfg = Debug|Any CPU
		{98CD720C-D5C3-4113-A6F0-3A0F9D5CA3C1}.Debug|Any CPU.Build.0 = Debug|Any CPU
		{98CD720C-D5C3-4113-A6F0-3A0F9D5CA3C1}.Release|Any CPU.ActiveCfg = Release|Any CPU
		{98CD720C-D5C3-4113-A6F0-3A0F9D5CA3C1}.Release|Any CPU.Build.0 = Release|Any CPU
		{98CD720C-D5C3-4113-A6F0-3A0F9D5CA3C1}.Test|Any CPU.ActiveCfg = Test|Any CPU
		{98CD720C-D5C3-4113-A6F0-3A0F9D5CA3C1}.Test|Any CPU.Build.0 = Test|Any CPU
		{AA1952BA-41E9-45E7-9588-320DCCD4F895}.Debug|Any CPU.ActiveCfg = Debug|Any CPU
		{AA1952BA-41E9-45E7-9588-320DCCD4F895}.Debug|Any CPU.Build.0 = Debug|Any CPU
		{AA1952BA-41E9-45E7-9588-320DCCD4F895}.Release|Any CPU.ActiveCfg = Release|Any CPU
		{AA1952BA-41E9-45E7-9588-320DCCD4F895}.Release|Any CPU.Build.0 = Release|Any CPU
		{AA1952BA-41E9-45E7-9588-320DCCD4F895}.Test|Any CPU.ActiveCfg = Test|Any CPU
		{AA1952BA-41E9-45E7-9588-320DCCD4F895}.Test|Any CPU.Build.0 = Test|Any CPU
		{D14E79A3-78AC-4274-B848-1B65AF445174}.Debug|Any CPU.ActiveCfg = Debug|Any CPU
		{D14E79A3-78AC-4274-B848-1B65AF445174}.Debug|Any CPU.Build.0 = Debug|Any CPU
		{D14E79A3-78AC-4274-B848-1B65AF445174}.Release|Any CPU.ActiveCfg = Release|Any CPU
		{D14E79A3-78AC-4274-B848-1B65AF445174}.Release|Any CPU.Build.0 = Release|Any CPU
		{D14E79A3-78AC-4274-B848-1B65AF445174}.Test|Any CPU.ActiveCfg = Test|Any CPU
		{D14E79A3-78AC-4274-B848-1B65AF445174}.Test|Any CPU.Build.0 = Test|Any CPU
		{8D8AFCFB-BEFB-4D6A-B396-DA4F342CA311}.Debug|Any CPU.ActiveCfg = Debug|Any CPU
		{8D8AFCFB-BEFB-4D6A-B396-DA4F342CA311}.Debug|Any CPU.Build.0 = Debug|Any CPU
		{8D8AFCFB-BEFB-4D6A-B396-DA4F342CA311}.Release|Any CPU.ActiveCfg = Release|Any CPU
		{8D8AFCFB-BEFB-4D6A-B396-DA4F342CA311}.Release|Any CPU.Build.0 = Release|Any CPU
		{8D8AFCFB-BEFB-4D6A-B396-DA4F342CA311}.Test|Any CPU.ActiveCfg = Test|Any CPU
		{8D8AFCFB-BEFB-4D6A-B396-DA4F342CA311}.Test|Any CPU.Build.0 = Test|Any CPU
		{6ACA39B3-6ABD-448F-A145-E7C03181B32A}.Debug|Any CPU.ActiveCfg = Debug|Any CPU
		{6ACA39B3-6ABD-448F-A145-E7C03181B32A}.Debug|Any CPU.Build.0 = Debug|Any CPU
		{6ACA39B3-6ABD-448F-A145-E7C03181B32A}.Release|Any CPU.ActiveCfg = Release|Any CPU
		{6ACA39B3-6ABD-448F-A145-E7C03181B32A}.Release|Any CPU.Build.0 = Release|Any CPU
		{6ACA39B3-6ABD-448F-A145-E7C03181B32A}.Test|Any CPU.ActiveCfg = Test|Any CPU
		{6ACA39B3-6ABD-448F-A145-E7C03181B32A}.Test|Any CPU.Build.0 = Test|Any CPU
		{3DB6924B-E10C-4EF2-9351-867B54518E1E}.Debug|Any CPU.ActiveCfg = Debug|Any CPU
		{3DB6924B-E10C-4EF2-9351-867B54518E1E}.Debug|Any CPU.Build.0 = Debug|Any CPU
		{3DB6924B-E10C-4EF2-9351-867B54518E1E}.Release|Any CPU.ActiveCfg = Release|Any CPU
		{3DB6924B-E10C-4EF2-9351-867B54518E1E}.Release|Any CPU.Build.0 = Release|Any CPU
		{3DB6924B-E10C-4EF2-9351-867B54518E1E}.Test|Any CPU.ActiveCfg = Test|Any CPU
		{3DB6924B-E10C-4EF2-9351-867B54518E1E}.Test|Any CPU.Build.0 = Test|Any CPU
		{E5CC07BF-1D0A-44B7-ADC5-884C0558F83E}.Debug|Any CPU.ActiveCfg = Debug|Any CPU
		{E5CC07BF-1D0A-44B7-ADC5-884C0558F83E}.Debug|Any CPU.Build.0 = Debug|Any CPU
		{E5CC07BF-1D0A-44B7-ADC5-884C0558F83E}.Release|Any CPU.ActiveCfg = Release|Any CPU
		{E5CC07BF-1D0A-44B7-ADC5-884C0558F83E}.Release|Any CPU.Build.0 = Release|Any CPU
		{E5CC07BF-1D0A-44B7-ADC5-884C0558F83E}.Test|Any CPU.ActiveCfg = Test|Any CPU
		{E5CC07BF-1D0A-44B7-ADC5-884C0558F83E}.Test|Any CPU.Build.0 = Test|Any CPU
		{B11A188A-2FF5-43D2-A7E5-78C6A6196DD0}.Debug|Any CPU.ActiveCfg = Debug|Any CPU
		{B11A188A-2FF5-43D2-A7E5-78C6A6196DD0}.Debug|Any CPU.Build.0 = Debug|Any CPU
		{B11A188A-2FF5-43D2-A7E5-78C6A6196DD0}.Release|Any CPU.ActiveCfg = Release|Any CPU
		{B11A188A-2FF5-43D2-A7E5-78C6A6196DD0}.Release|Any CPU.Build.0 = Release|Any CPU
		{B11A188A-2FF5-43D2-A7E5-78C6A6196DD0}.Test|Any CPU.ActiveCfg = Test|Any CPU
		{B11A188A-2FF5-43D2-A7E5-78C6A6196DD0}.Test|Any CPU.Build.0 = Test|Any CPU
		{33A233BB-7427-49F1-95C5-974D93FF1002}.Debug|Any CPU.ActiveCfg = Debug|Any CPU
		{33A233BB-7427-49F1-95C5-974D93FF1002}.Debug|Any CPU.Build.0 = Debug|Any CPU
		{33A233BB-7427-49F1-95C5-974D93FF1002}.Release|Any CPU.ActiveCfg = Release|Any CPU
		{33A233BB-7427-49F1-95C5-974D93FF1002}.Release|Any CPU.Build.0 = Release|Any CPU
		{33A233BB-7427-49F1-95C5-974D93FF1002}.Test|Any CPU.ActiveCfg = Test|Any CPU
		{33A233BB-7427-49F1-95C5-974D93FF1002}.Test|Any CPU.Build.0 = Test|Any CPU
		{F01E2F92-C9D0-4FCD-99AF-E86FCAC23445}.Debug|Any CPU.ActiveCfg = Debug|Any CPU
		{F01E2F92-C9D0-4FCD-99AF-E86FCAC23445}.Debug|Any CPU.Build.0 = Debug|Any CPU
		{F01E2F92-C9D0-4FCD-99AF-E86FCAC23445}.Release|Any CPU.ActiveCfg = Release|Any CPU
		{F01E2F92-C9D0-4FCD-99AF-E86FCAC23445}.Release|Any CPU.Build.0 = Release|Any CPU
		{F01E2F92-C9D0-4FCD-99AF-E86FCAC23445}.Test|Any CPU.ActiveCfg = Test|Any CPU
		{F01E2F92-C9D0-4FCD-99AF-E86FCAC23445}.Test|Any CPU.Build.0 = Test|Any CPU
		{00B96E23-0992-415A-831B-A977E709FF7C}.Debug|Any CPU.ActiveCfg = Debug|Any CPU
		{00B96E23-0992-415A-831B-A977E709FF7C}.Debug|Any CPU.Build.0 = Debug|Any CPU
		{00B96E23-0992-415A-831B-A977E709FF7C}.Release|Any CPU.ActiveCfg = Release|Any CPU
		{00B96E23-0992-415A-831B-A977E709FF7C}.Release|Any CPU.Build.0 = Release|Any CPU
		{00B96E23-0992-415A-831B-A977E709FF7C}.Test|Any CPU.ActiveCfg = Test|Any CPU
		{00B96E23-0992-415A-831B-A977E709FF7C}.Test|Any CPU.Build.0 = Test|Any CPU
		{682DD891-AF9C-4BC0-B505-E040C6E92D59}.Debug|Any CPU.ActiveCfg = Debug|Any CPU
		{682DD891-AF9C-4BC0-B505-E040C6E92D59}.Debug|Any CPU.Build.0 = Debug|Any CPU
		{682DD891-AF9C-4BC0-B505-E040C6E92D59}.Release|Any CPU.ActiveCfg = Release|Any CPU
		{682DD891-AF9C-4BC0-B505-E040C6E92D59}.Release|Any CPU.Build.0 = Release|Any CPU
		{682DD891-AF9C-4BC0-B505-E040C6E92D59}.Test|Any CPU.ActiveCfg = Test|Any CPU
		{682DD891-AF9C-4BC0-B505-E040C6E92D59}.Test|Any CPU.Build.0 = Test|Any CPU
		{CB6BFECB-B97D-4ED0-A929-B3F23BFAE7F9}.Debug|Any CPU.ActiveCfg = Debug|Any CPU
		{CB6BFECB-B97D-4ED0-A929-B3F23BFAE7F9}.Debug|Any CPU.Build.0 = Debug|Any CPU
		{CB6BFECB-B97D-4ED0-A929-B3F23BFAE7F9}.Release|Any CPU.ActiveCfg = Release|Any CPU
		{CB6BFECB-B97D-4ED0-A929-B3F23BFAE7F9}.Release|Any CPU.Build.0 = Release|Any CPU
		{CB6BFECB-B97D-4ED0-A929-B3F23BFAE7F9}.Test|Any CPU.ActiveCfg = Test|Any CPU
		{CB6BFECB-B97D-4ED0-A929-B3F23BFAE7F9}.Test|Any CPU.Build.0 = Test|Any CPU
		{5A11C211-C5A5-4EE4-8197-8CB1FD86DA1C}.Debug|Any CPU.ActiveCfg = Debug|Any CPU
		{5A11C211-C5A5-4EE4-8197-8CB1FD86DA1C}.Debug|Any CPU.Build.0 = Debug|Any CPU
		{5A11C211-C5A5-4EE4-8197-8CB1FD86DA1C}.Release|Any CPU.ActiveCfg = Release|Any CPU
		{5A11C211-C5A5-4EE4-8197-8CB1FD86DA1C}.Release|Any CPU.Build.0 = Release|Any CPU
		{5A11C211-C5A5-4EE4-8197-8CB1FD86DA1C}.Test|Any CPU.ActiveCfg = Debug|Any CPU
		{5A11C211-C5A5-4EE4-8197-8CB1FD86DA1C}.Test|Any CPU.Build.0 = Debug|Any CPU
		{7555F619-1352-435D-A669-ABE97FEF8FB5}.Debug|Any CPU.ActiveCfg = Debug|Any CPU
		{7555F619-1352-435D-A669-ABE97FEF8FB5}.Debug|Any CPU.Build.0 = Debug|Any CPU
		{7555F619-1352-435D-A669-ABE97FEF8FB5}.Release|Any CPU.ActiveCfg = Release|Any CPU
		{7555F619-1352-435D-A669-ABE97FEF8FB5}.Release|Any CPU.Build.0 = Release|Any CPU
		{7555F619-1352-435D-A669-ABE97FEF8FB5}.Test|Any CPU.ActiveCfg = Debug|Any CPU
		{7555F619-1352-435D-A669-ABE97FEF8FB5}.Test|Any CPU.Build.0 = Debug|Any CPU
		{39C57DD5-8C29-409B-B9CB-D1D042A7B109}.Debug|Any CPU.ActiveCfg = Debug|Any CPU
		{39C57DD5-8C29-409B-B9CB-D1D042A7B109}.Debug|Any CPU.Build.0 = Debug|Any CPU
		{39C57DD5-8C29-409B-B9CB-D1D042A7B109}.Release|Any CPU.ActiveCfg = Release|Any CPU
		{39C57DD5-8C29-409B-B9CB-D1D042A7B109}.Release|Any CPU.Build.0 = Release|Any CPU
		{39C57DD5-8C29-409B-B9CB-D1D042A7B109}.Test|Any CPU.ActiveCfg = Debug|Any CPU
		{39C57DD5-8C29-409B-B9CB-D1D042A7B109}.Test|Any CPU.Build.0 = Debug|Any CPU
		{01BAFC24-11F3-460C-8BDF-AAC22E7CB1B4}.Debug|Any CPU.ActiveCfg = Debug|Any CPU
		{01BAFC24-11F3-460C-8BDF-AAC22E7CB1B4}.Debug|Any CPU.Build.0 = Debug|Any CPU
		{01BAFC24-11F3-460C-8BDF-AAC22E7CB1B4}.Release|Any CPU.ActiveCfg = Release|Any CPU
		{01BAFC24-11F3-460C-8BDF-AAC22E7CB1B4}.Release|Any CPU.Build.0 = Release|Any CPU
		{01BAFC24-11F3-460C-8BDF-AAC22E7CB1B4}.Test|Any CPU.ActiveCfg = Debug|Any CPU
		{01BAFC24-11F3-460C-8BDF-AAC22E7CB1B4}.Test|Any CPU.Build.0 = Debug|Any CPU
		{EFF794CE-799E-41F0-07A8-7BC186CBC02E}.Debug|Any CPU.ActiveCfg = Debug|Any CPU
		{EFF794CE-799E-41F0-07A8-7BC186CBC02E}.Debug|Any CPU.Build.0 = Debug|Any CPU
		{EFF794CE-799E-41F0-07A8-7BC186CBC02E}.Release|Any CPU.ActiveCfg = Release|Any CPU
		{EFF794CE-799E-41F0-07A8-7BC186CBC02E}.Release|Any CPU.Build.0 = Release|Any CPU
		{EFF794CE-799E-41F0-07A8-7BC186CBC02E}.Test|Any CPU.ActiveCfg = Test|Any CPU
		{EFF794CE-799E-41F0-07A8-7BC186CBC02E}.Test|Any CPU.Build.0 = Test|Any CPU
		{51D23788-0EB4-A4DC-3571-EC09A16763A8}.Debug|Any CPU.ActiveCfg = Debug|Any CPU
		{51D23788-0EB4-A4DC-3571-EC09A16763A8}.Debug|Any CPU.Build.0 = Debug|Any CPU
		{51D23788-0EB4-A4DC-3571-EC09A16763A8}.Release|Any CPU.ActiveCfg = Release|Any CPU
		{51D23788-0EB4-A4DC-3571-EC09A16763A8}.Release|Any CPU.Build.0 = Release|Any CPU
		{51D23788-0EB4-A4DC-3571-EC09A16763A8}.Test|Any CPU.ActiveCfg = Debug|Any CPU
		{51D23788-0EB4-A4DC-3571-EC09A16763A8}.Test|Any CPU.Build.0 = Debug|Any CPU
		{38B0AFA1-A4EF-7D9C-6548-4DA5850CA079}.Debug|Any CPU.ActiveCfg = Debug|Any CPU
		{38B0AFA1-A4EF-7D9C-6548-4DA5850CA079}.Debug|Any CPU.Build.0 = Debug|Any CPU
		{38B0AFA1-A4EF-7D9C-6548-4DA5850CA079}.Release|Any CPU.ActiveCfg = Release|Any CPU
		{38B0AFA1-A4EF-7D9C-6548-4DA5850CA079}.Release|Any CPU.Build.0 = Release|Any CPU
		{38B0AFA1-A4EF-7D9C-6548-4DA5850CA079}.Test|Any CPU.ActiveCfg = Test|Any CPU
		{38B0AFA1-A4EF-7D9C-6548-4DA5850CA079}.Test|Any CPU.Build.0 = Test|Any CPU
		{244A2A1C-183D-1E62-8458-6D9961B1BCD2}.Debug|Any CPU.ActiveCfg = Debug|Any CPU
		{244A2A1C-183D-1E62-8458-6D9961B1BCD2}.Debug|Any CPU.Build.0 = Debug|Any CPU
		{244A2A1C-183D-1E62-8458-6D9961B1BCD2}.Release|Any CPU.ActiveCfg = Release|Any CPU
		{244A2A1C-183D-1E62-8458-6D9961B1BCD2}.Release|Any CPU.Build.0 = Release|Any CPU
		{244A2A1C-183D-1E62-8458-6D9961B1BCD2}.Test|Any CPU.ActiveCfg = Debug|Any CPU
		{244A2A1C-183D-1E62-8458-6D9961B1BCD2}.Test|Any CPU.Build.0 = Debug|Any CPU
		{BCB052F6-E661-7120-409C-5ADE199D0F97}.Debug|Any CPU.ActiveCfg = Debug|Any CPU
		{BCB052F6-E661-7120-409C-5ADE199D0F97}.Debug|Any CPU.Build.0 = Debug|Any CPU
		{BCB052F6-E661-7120-409C-5ADE199D0F97}.Release|Any CPU.ActiveCfg = Release|Any CPU
		{BCB052F6-E661-7120-409C-5ADE199D0F97}.Release|Any CPU.Build.0 = Release|Any CPU
		{BCB052F6-E661-7120-409C-5ADE199D0F97}.Test|Any CPU.ActiveCfg = Test|Any CPU
		{BCB052F6-E661-7120-409C-5ADE199D0F97}.Test|Any CPU.Build.0 = Test|Any CPU
		{2561B63C-B14F-41B7-35A7-76BEE1B930D8}.Debug|Any CPU.ActiveCfg = Debug|Any CPU
		{2561B63C-B14F-41B7-35A7-76BEE1B930D8}.Debug|Any CPU.Build.0 = Debug|Any CPU
		{2561B63C-B14F-41B7-35A7-76BEE1B930D8}.Release|Any CPU.ActiveCfg = Release|Any CPU
		{2561B63C-B14F-41B7-35A7-76BEE1B930D8}.Release|Any CPU.Build.0 = Release|Any CPU
		{2561B63C-B14F-41B7-35A7-76BEE1B930D8}.Test|Any CPU.ActiveCfg = Test|Any CPU
		{2561B63C-B14F-41B7-35A7-76BEE1B930D8}.Test|Any CPU.Build.0 = Test|Any CPU
		{9B74AC72-FC2D-2AD7-41E9-37E8C81C33FA}.Debug|Any CPU.ActiveCfg = Debug|Any CPU
		{9B74AC72-FC2D-2AD7-41E9-37E8C81C33FA}.Debug|Any CPU.Build.0 = Debug|Any CPU
		{9B74AC72-FC2D-2AD7-41E9-37E8C81C33FA}.Release|Any CPU.ActiveCfg = Release|Any CPU
		{9B74AC72-FC2D-2AD7-41E9-37E8C81C33FA}.Release|Any CPU.Build.0 = Release|Any CPU
		{9B74AC72-FC2D-2AD7-41E9-37E8C81C33FA}.Test|Any CPU.ActiveCfg = Test|Any CPU
		{9B74AC72-FC2D-2AD7-41E9-37E8C81C33FA}.Test|Any CPU.Build.0 = Test|Any CPU
	EndGlobalSection
	GlobalSection(SolutionProperties) = preSolution
		HideSolutionNode = FALSE
	EndGlobalSection
	GlobalSection(NestedProjects) = preSolution
		{59FE7EEA-03FC-4FDD-8A23-8E2FE7A44FA2} = {7A2587AC-0709-4462-812D-3871A59343C1}
		{1125C45D-C5B4-4AA0-B396-7EDC3AAB7EF3} = {59FE7EEA-03FC-4FDD-8A23-8E2FE7A44FA2}
		{7A2587AC-0709-4462-812D-3871A59343C1} = {82D828E7-07D0-47E8-AD7B-52065043F5C0}
		{7FA87D7C-7DE0-40EE-A3FE-370E5D71A8D5} = {2BED9D70-56BD-4993-8169-4A493592C998}
		{5210502A-9137-4355-9481-276E42F1085A} = {2BED9D70-56BD-4993-8169-4A493592C998}
		{9E80F1BA-9614-485C-9CE6-445D629F3B27} = {2BED9D70-56BD-4993-8169-4A493592C998}
		{273B717C-5A26-4372-83DB-34BF7602A294} = {2BED9D70-56BD-4993-8169-4A493592C998}
		{9D981BAD-98CA-46A4-B305-8FCAD5E236AA} = {2BED9D70-56BD-4993-8169-4A493592C998}
		{DB35959D-2EB7-441B-9A00-B04AF2488CED} = {1125C45D-C5B4-4AA0-B396-7EDC3AAB7EF3}
		{43A7C2DE-6358-4C43-94A6-82C2E1AF112D} = {7FA87D7C-7DE0-40EE-A3FE-370E5D71A8D5}
		{9C4C8F6A-4226-470C-8FFA-98932C527924} = {273B717C-5A26-4372-83DB-34BF7602A294}
		{C7E6163C-3A1E-46DC-B2C9-2471FF33789A} = {9D981BAD-98CA-46A4-B305-8FCAD5E236AA}
		{51F44ADA-782E-4AD0-ABE9-6220189DE8D3} = {9E80F1BA-9614-485C-9CE6-445D629F3B27}
		{740BCB64-D1C7-4FC1-9913-216CB65DEC91} = {5210502A-9137-4355-9481-276E42F1085A}
		{2BED9D70-56BD-4993-8169-4A493592C998} = {7A2587AC-0709-4462-812D-3871A59343C1}
		{1BC4B329-CF89-43D3-A914-03262D916D35} = {9D981BAD-98CA-46A4-B305-8FCAD5E236AA}
		{D651CA2F-A708-4FF6-A2B4-E584BD9B940C} = {2BED9D70-56BD-4993-8169-4A493592C998}
		{02554CF9-56FD-49D2-B3AD-FA9BBA3AD15A} = {D651CA2F-A708-4FF6-A2B4-E584BD9B940C}
		{9E5E47B4-982D-4073-80F2-95EF7418444D} = {9D981BAD-98CA-46A4-B305-8FCAD5E236AA}
		{0C91D997-F67D-4B14-9761-6D621C7EF1AB} = {59FE7EEA-03FC-4FDD-8A23-8E2FE7A44FA2}
		{4213A31A-4CBA-4A7D-880C-4F1CAC16AFE4} = {0C91D997-F67D-4B14-9761-6D621C7EF1AB}
		{E0375312-2F5D-43F7-9110-BA15BED63E64} = {A2F19D96-4595-46CE-A88E-4E0A784CED1C}
		{0493FD87-ABD9-447D-A0C7-9E5E28E8FA9A} = {9D981BAD-98CA-46A4-B305-8FCAD5E236AA}
		{98CD720C-D5C3-4113-A6F0-3A0F9D5CA3C1} = {C6292929-6BDB-45E7-92A3-A5AD317D5F65}
		{AA1952BA-41E9-45E7-9588-320DCCD4F895} = {C6292929-6BDB-45E7-92A3-A5AD317D5F65}
		{D14E79A3-78AC-4274-B848-1B65AF445174} = {A2F19D96-4595-46CE-A88E-4E0A784CED1C}
		{8D8AFCFB-BEFB-4D6A-B396-DA4F342CA311} = {0C91D997-F67D-4B14-9761-6D621C7EF1AB}
		{128EA177-4E60-4F9F-A7D5-5DACD8CDA037} = {59FE7EEA-03FC-4FDD-8A23-8E2FE7A44FA2}
		{3191A254-4FEF-45F8-939B-FDF50CF3E75E} = {128EA177-4E60-4F9F-A7D5-5DACD8CDA037}
		{D7D5DB70-CDCC-476F-B3E9-78BBB8A54F1A} = {128EA177-4E60-4F9F-A7D5-5DACD8CDA037}
		{6ACA39B3-6ABD-448F-A145-E7C03181B32A} = {128EA177-4E60-4F9F-A7D5-5DACD8CDA037}
		{3DB6924B-E10C-4EF2-9351-867B54518E1E} = {3191A254-4FEF-45F8-939B-FDF50CF3E75E}
		{E5CC07BF-1D0A-44B7-ADC5-884C0558F83E} = {3191A254-4FEF-45F8-939B-FDF50CF3E75E}
		{B11A188A-2FF5-43D2-A7E5-78C6A6196DD0} = {DC77F5CE-8815-4822-9D68-C957A66BE456}
		{33A233BB-7427-49F1-95C5-974D93FF1002} = {D7D5DB70-CDCC-476F-B3E9-78BBB8A54F1A}
		{F01E2F92-C9D0-4FCD-99AF-E86FCAC23445} = {DC77F5CE-8815-4822-9D68-C957A66BE456}
		{A2F19D96-4595-46CE-A88E-4E0A784CED1C} = {0493FD87-ABD9-447D-A0C7-9E5E28E8FA9A}
		{DC77F5CE-8815-4822-9D68-C957A66BE456} = {0493FD87-ABD9-447D-A0C7-9E5E28E8FA9A}
		{C6292929-6BDB-45E7-92A3-A5AD317D5F65} = {0493FD87-ABD9-447D-A0C7-9E5E28E8FA9A}
		{2E1ACEB8-A09D-4EC7-9ABF-47A239C772F8} = {59FE7EEA-03FC-4FDD-8A23-8E2FE7A44FA2}
		{00B96E23-0992-415A-831B-A977E709FF7C} = {2E1ACEB8-A09D-4EC7-9ABF-47A239C772F8}
		{1F0EFD29-FDF2-4459-A136-78C4E0AB6CA2} = {0493FD87-ABD9-447D-A0C7-9E5E28E8FA9A}
		{682DD891-AF9C-4BC0-B505-E040C6E92D59} = {1F0EFD29-FDF2-4459-A136-78C4E0AB6CA2}
		{CB6BFECB-B97D-4ED0-A929-B3F23BFAE7F9} = {2E1ACEB8-A09D-4EC7-9ABF-47A239C772F8}
		{5A11C211-C5A5-4EE4-8197-8CB1FD86DA1C} = {1F0EFD29-FDF2-4459-A136-78C4E0AB6CA2}
		{7555F619-1352-435D-A669-ABE97FEF8FB5} = {6A883DC1-32A1-4822-B3E9-A3B2A49935A4}
		{6A883DC1-32A1-4822-B3E9-A3B2A49935A4} = {59FE7EEA-03FC-4FDD-8A23-8E2FE7A44FA2}
		{39C57DD5-8C29-409B-B9CB-D1D042A7B109} = {6A883DC1-32A1-4822-B3E9-A3B2A49935A4}
		{D8822764-3F11-4CAD-BB84-E532502C8018} = {59FE7EEA-03FC-4FDD-8A23-8E2FE7A44FA2}
		{01BAFC24-11F3-460C-8BDF-AAC22E7CB1B4} = {D8822764-3F11-4CAD-BB84-E532502C8018}
		{624E93CA-AD41-431E-9026-7796EF5A3C82} = {82D828E7-07D0-47E8-AD7B-52065043F5C0}
		{EFF794CE-799E-41F0-07A8-7BC186CBC02E} = {3C6F9264-53F9-4FB8-8097-A66FE0026BA2}
		{3C6F9264-53F9-4FB8-8097-A66FE0026BA2} = {624E93CA-AD41-431E-9026-7796EF5A3C82}
		{8FA9FB53-49D5-4B8D-8522-0DD71EB3DB0D} = {624E93CA-AD41-431E-9026-7796EF5A3C82}
		{51D23788-0EB4-A4DC-3571-EC09A16763A8} = {3C6F9264-53F9-4FB8-8097-A66FE0026BA2}
		{38B0AFA1-A4EF-7D9C-6548-4DA5850CA079} = {3C6F9264-53F9-4FB8-8097-A66FE0026BA2}
		{244A2A1C-183D-1E62-8458-6D9961B1BCD2} = {3C6F9264-53F9-4FB8-8097-A66FE0026BA2}
		{BCB052F6-E661-7120-409C-5ADE199D0F97} = {8FA9FB53-49D5-4B8D-8522-0DD71EB3DB0D}
		{2561B63C-B14F-41B7-35A7-76BEE1B930D8} = {8FA9FB53-49D5-4B8D-8522-0DD71EB3DB0D}
		{9B74AC72-FC2D-2AD7-41E9-37E8C81C33FA} = {8FA9FB53-49D5-4B8D-8522-0DD71EB3DB0D}
	EndGlobalSection
	GlobalSection(ExtensibilityGlobals) = postSolution
		SolutionGuid = {7CB26808-EA64-43A5-A46D-09BC1E09502D}
	EndGlobalSection
EndGlobal
